Microsoft Visual Studio Solution File, Format Version 12.00
# Visual Studio Version 17
VisualStudioVersion = 17.8.0.0
MinimumVisualStudioVersion = 17.8.0.0
Project("{9A19103F-16F7-4668-BE54-9A1E7A4F7556}") = "mini-jira.AppHost", "mini-jira.AppHost\mini-jira.AppHost.csproj", "{E89EE90B-0BD8-46D1-A4BB-78AA3FC7B771}"
EndProject
Project("{9A19103F-16F7-4668-BE54-9A1E7A4F7556}") = "mini-jira.Server", "mini-jira.Server\mini-jira.Server.csproj", "{0FB23262-8BAC-4E9F-82C4-8A3C9C6B69C5}"
EndProject
Project("{54A90642-561A-4BB1-A94E-469ADEE60C69}") = "frontend", "frontend\frontend.esproj", "{BB1B8CDF-3374-45F0-88D1-2AAB20948853}"
EndProject

Global
	GlobalSection(SolutionConfigurationPlatforms) = preSolution
		Debug|Any CPU = Debug|Any CPU
		Release|Any CPU = Release|Any CPU
	EndGlobalSection
	GlobalSection(ProjectConfigurationPlatforms) = postSolution
		{E89EE90B-0BD8-46D1-A4BB-78AA3FC7B771}.Debug|Any CPU.ActiveCfg = Debug|Any CPU
		{E89EE90B-0BD8-46D1-A4BB-78AA3FC7B771}.Debug|Any CPU.Build.0 = Debug|Any CPU
		{E89EE90B-0BD8-46D1-A4BB-78AA3FC7B771}.Release|Any CPU.ActiveCfg = Release|Any CPU
		{E89EE90B-0BD8-46D1-A4BB-78AA3FC7B771}.Release|Any CPU.Build.0 = Release|Any CPU
		{0FB23262-8BAC-4E9F-82C4-8A3C9C6B69C5}.Debug|Any CPU.ActiveCfg = Debug|Any CPU
		{0FB23262-8BAC-4E9F-82C4-8A3C9C6B69C5}.Debug|Any CPU.Build.0 = Debug|Any CPU
		{0FB23262-8BAC-4E9F-82C4-8A3C9C6B69C5}.Release|Any CPU.ActiveCfg = Release|Any CPU
		{0FB23262-8BAC-4E9F-82C4-8A3C9C6B69C5}.Release|Any CPU.Build.0 = Release|Any CPU
		{BB1B8CDF-3374-45F0-88D1-2AAB20948853}.Debug|Any CPU.ActiveCfg = Debug|Any CPU
		{BB1B8CDF-3374-45F0-88D1-2AAB20948853}.Debug|Any CPU.Build.0 = Debug|Any CPU
		{BB1B8CDF-3374-45F0-88D1-2AAB20948853}.Release|Any CPU.ActiveCfg = Release|Any CPU
		{BB1B8CDF-3374-45F0-88D1-2AAB20948853}.Release|Any CPU.Build.0 = Release|Any CPU

	EndGlobalSection
	GlobalSection(SolutionProperties) = preSolution
		HideSolutionNode = FALSE
	EndGlobalSection
	GlobalSection(ExtensibilityGlobals) = postSolution
		SolutionGuid = {8F6D7C94-5CC5-447C-863F-660CDAE68649}
	EndGlobalSection
EndGlobal
